
Microsoft Visual Studio Solution File, Format Version 12.00
# Visual Studio Version 17
VisualStudioVersion = 17.2.32526.322
MinimumVisualStudioVersion = 10.0.40219.1
Project("{9A19103F-16F7-4668-BE54-9A1E7A4F7556}") = "ClearBank.DeveloperTest", "ClearBank.DeveloperTest\ClearBank.DeveloperTest.csproj", "{5B180045-B13B-443E-82AF-E6F1D1247111}"
EndProject
Project("{2150E333-8FDC-42A3-9474-1A3956D46DE8}") = "Solution Items", "Solution Items", "{6FCD3DEC-BEA6-4ACD-85AD-556311AB91F7}"
	ProjectSection(SolutionItems) = preProject
		.editorconfig = .editorconfig
		.gitignore = .gitignore
	EndProjectSection
EndProject
Project("{FAE04EC0-301F-11D3-BF4B-00C04F79EFBC}") = "ClearBank.DeveloperTest.Tests", "ClearBank.DeveloperTest.Tests\ClearBank.DeveloperTest.Tests.csproj", "{81C38006-B3BB-42F1-80FE-CEE57C45B13E}"
EndProject
Global
	GlobalSection(SolutionConfigurationPlatforms) = preSolution
		Debug|Any CPU = Debug|Any CPU
		Release|Any CPU = Release|Any CPU
	EndGlobalSection
	GlobalSection(ProjectConfigurationPlatforms) = postSolution
		{5B180045-B13B-443E-82AF-E6F1D1247111}.Debug|Any CPU.ActiveCfg = Debug|Any CPU
		{5B180045-B13B-443E-82AF-E6F1D1247111}.Debug|Any CPU.Build.0 = Debug|Any CPU
		{5B180045-B13B-443E-82AF-E6F1D1247111}.Release|Any CPU.ActiveCfg = Release|Any CPU
		{5B180045-B13B-443E-82AF-E6F1D1247111}.Release|Any CPU.Build.0 = Release|Any CPU
		{81C38006-B3BB-42F1-80FE-CEE57C45B13E}.Debug|Any CPU.ActiveCfg = Debug|Any CPU
		{81C38006-B3BB-42F1-80FE-CEE57C45B13E}.Debug|Any CPU.Build.0 = Debug|Any CPU
		{81C38006-B3BB-42F1-80FE-CEE57C45B13E}.Release|Any CPU.ActiveCfg = Release|Any CPU
		{81C38006-B3BB-42F1-80FE-CEE57C45B13E}.Release|Any CPU.Build.0 = Release|Any CPU
	EndGlobalSection
	GlobalSection(SolutionProperties) = preSolution
		HideSolutionNode = FALSE
	EndGlobalSection
	GlobalSection(ExtensibilityGlobals) = postSolution
		SolutionGuid = {BCDD9DD6-D423-48D4-BF2E-67533CADECAD}
	EndGlobalSection
EndGlobal
